
Microsoft Visual Studio Solution File, Format Version 12.00
# Visual Studio 14
VisualStudioVersion = 14.0.23107.0
MinimumVisualStudioVersion = 10.0.40219.1
Project("{FAE04EC0-301F-11D3-BF4B-00C04F79EFBC}") = "Three-Brothers-Dynamic", "Three-Brothers-Dynamic.csproj", "{DA9CBCD4-B5ED-494C-B929-14ABAF5979A4}"
EndProject
Project("{FAE04EC0-301F-11D3-BF4B-00C04F79EFBC}") = "Three-Brothers-Backtracking", "Three-Brothers-Backtracking.csproj", "{E00E06A7-E46F-4771-BAE8-9A0A68D084BD}"
EndProject
Project("{FAE04EC0-301F-11D3-BF4B-00C04F79EFBC}") = "Three-Brothers-Greedy", "Three-Brothers-Greedy.csproj", "{2E2B979B-2FBF-45EF-9691-283AF208A597}"
EndProject
Project("{FAE04EC0-301F-11D3-BF4B-00C04F79EFBC}") = "Three-Brothers-Test-Generator", "Three-Brothers-Test-Generator.csproj", "{47908E3C-28F0-4B2A-930D-ED835366AD5F}"
EndProject
Global
	GlobalSection(SolutionConfigurationPlatforms) = preSolution
		Debug|Any CPU = Debug|Any CPU
		Release|Any CPU = Release|Any CPU
	EndGlobalSection
	GlobalSection(ProjectConfigurationPlatforms) = postSolution
		{DA9CBCD4-B5ED-494C-B929-14ABAF5979A4}.Debug|Any CPU.ActiveCfg = Debug|Any CPU
		{DA9CBCD4-B5ED-494C-B929-14ABAF5979A4}.Debug|Any CPU.Build.0 = Debug|Any CPU
		{DA9CBCD4-B5ED-494C-B929-14ABAF5979A4}.Release|Any CPU.ActiveCfg = Release|Any CPU
		{DA9CBCD4-B5ED-494C-B929-14ABAF5979A4}.Release|Any CPU.Build.0 = Release|Any CPU
		{E00E06A7-E46F-4771-BAE8-9A0A68D084BD}.Debug|Any CPU.ActiveCfg = Debug|Any CPU
		{E00E06A7-E46F-4771-BAE8-9A0A68D084BD}.Debug|Any CPU.Build.0 = Debug|Any CPU
		{E00E06A7-E46F-4771-BAE8-9A0A68D084BD}.Release|Any CPU.ActiveCfg = Release|Any CPU
		{E00E06A7-E46F-4771-BAE8-9A0A68D084BD}.Release|Any CPU.Build.0 = Release|Any CPU
		{2E2B979B-2FBF-45EF-9691-283AF208A597}.Debug|Any CPU.ActiveCfg = Debug|Any CPU
		{2E2B979B-2FBF-45EF-9691-283AF208A597}.Debug|Any CPU.Build.0 = Debug|Any CPU
		{2E2B979B-2FBF-45EF-9691-283AF208A597}.Release|Any CPU.ActiveCfg = Release|Any CPU
		{2E2B979B-2FBF-45EF-9691-283AF208A597}.Release|Any CPU.Build.0 = Release|Any CPU
		{47908E3C-28F0-4B2A-930D-ED835366AD5F}.Debug|Any CPU.ActiveCfg = Debug|Any CPU
		{47908E3C-28F0-4B2A-930D-ED835366AD5F}.Debug|Any CPU.Build.0 = Debug|Any CPU
		{47908E3C-28F0-4B2A-930D-ED835366AD5F}.Release|Any CPU.ActiveCfg = Release|Any CPU
		{47908E3C-28F0-4B2A-930D-ED835366AD5F}.Release|Any CPU.Build.0 = Release|Any CPU
	EndGlobalSection
	GlobalSection(SolutionProperties) = preSolution
		HideSolutionNode = FALSE
	EndGlobalSection
EndGlobal
