
Microsoft Visual Studio Solution File, Format Version 12.00
# Visual Studio 14
VisualStudioVersion = 14.0.23107.0
MinimumVisualStudioVersion = 10.0.40219.1
Project("{FAE04EC0-301F-11D3-BF4B-00C04F79EFBC}") = "Problem-5-Crossing-Figures", "Problem-5-Crossing-Figures.csproj", "{AFC04A87-9D4B-4D96-9D53-0675AE20B9AD}"
EndProject
Global
	GlobalSection(SolutionConfigurationPlatforms) = preSolution
		Debug|Any CPU = Debug|Any CPU
		Release|Any CPU = Release|Any CPU
	EndGlobalSection
	GlobalSection(ProjectConfigurationPlatforms) = postSolution
		{AFC04A87-9D4B-4D96-9D53-0675AE20B9AD}.Debug|Any CPU.ActiveCfg = Debug|Any CPU
		{AFC04A87-9D4B-4D96-9D53-0675AE20B9AD}.Debug|Any CPU.Build.0 = Debug|Any CPU
		{AFC04A87-9D4B-4D96-9D53-0675AE20B9AD}.Release|Any CPU.ActiveCfg = Release|Any CPU
		{AFC04A87-9D4B-4D96-9D53-0675AE20B9AD}.Release|Any CPU.Build.0 = Release|Any CPU
	EndGlobalSection
	GlobalSection(SolutionProperties) = preSolution
		HideSolutionNode = FALSE
	EndGlobalSection
EndGlobal
